
Microsoft Visual Studio Solution File, Format Version 12.00
# Visual Studio Version 16
VisualStudioVersion = 16.0.30804.86
MinimumVisualStudioVersion = 10.0.40219.1
Project("{9A19103F-16F7-4668-BE54-9A1E7A4F7556}") = "grpcClientCore", "grpcClientCore\grpcClientCore.csproj", "{C8345267-873C-46F9-8CB8-3CCA328A8849}"
EndProject
Project("{2150E333-8FDC-42A3-9474-1A3956D46DE8}") = "proto", "proto", "{C4E64E25-4D0E-4471-B53C-99FD8F8B8D47}"
	ProjectSection(SolutionItems) = preProject
		greet.proto = greet.proto
	EndProjectSection
EndProject
Project("{9A19103F-16F7-4668-BE54-9A1E7A4F7556}") = "GrpcServiceCore", "GrpcServiceCore\GrpcServiceCore.csproj", "{02DD98DC-83C3-4174-917A-97C70EC6BAB4}"
EndProject
Global
	GlobalSection(SolutionConfigurationPlatforms) = preSolution
		Debug|Any CPU = Debug|Any CPU
		Release|Any CPU = Release|Any CPU
	EndGlobalSection
	GlobalSection(ProjectConfigurationPlatforms) = postSolution
		{C8345267-873C-46F9-8CB8-3CCA328A8849}.Debug|Any CPU.ActiveCfg = Debug|Any CPU
		{C8345267-873C-46F9-8CB8-3CCA328A8849}.Debug|Any CPU.Build.0 = Debug|Any CPU
		{C8345267-873C-46F9-8CB8-3CCA328A8849}.Release|Any CPU.ActiveCfg = Release|Any CPU
		{C8345267-873C-46F9-8CB8-3CCA328A8849}.Release|Any CPU.Build.0 = Release|Any CPU
		{02DD98DC-83C3-4174-917A-97C70EC6BAB4}.Debug|Any CPU.ActiveCfg = Debug|Any CPU
		{02DD98DC-83C3-4174-917A-97C70EC6BAB4}.Debug|Any CPU.Build.0 = Debug|Any CPU
		{02DD98DC-83C3-4174-917A-97C70EC6BAB4}.Release|Any CPU.ActiveCfg = Release|Any CPU
		{02DD98DC-83C3-4174-917A-97C70EC6BAB4}.Release|Any CPU.Build.0 = Release|Any CPU
	EndGlobalSection
	GlobalSection(SolutionProperties) = preSolution
		HideSolutionNode = FALSE
	EndGlobalSection
	GlobalSection(ExtensibilityGlobals) = postSolution
		SolutionGuid = {961E8C1C-CB3C-410C-BAEF-9ADBF895E44B}
	EndGlobalSection
EndGlobal
